
Microsoft Visual Studio Solution File, Format Version 12.00
# Visual Studio Version 17
VisualStudioVersion = 17.8.34309.116
MinimumVisualStudioVersion = 10.0.40219.1
Project("{FAE04EC0-301F-11D3-BF4B-00C04F79EFBC}") = "Registration System", "Registration System.csproj", "{67B04093-70DE-46F2-983F-3005A9F66FED}"
EndProject
Global
	GlobalSection(SolutionConfigurationPlatforms) = preSolution
		Debug|Any CPU = Debug|Any CPU
		Release|Any CPU = Release|Any CPU
	EndGlobalSection
	GlobalSection(ProjectConfigurationPlatforms) = postSolution
		{67B04093-70DE-46F2-983F-3005A9F66FED}.Debug|Any CPU.ActiveCfg = Debug|Any CPU
		{67B04093-70DE-46F2-983F-3005A9F66FED}.Debug|Any CPU.Build.0 = Debug|Any CPU
		{67B04093-70DE-46F2-983F-3005A9F66FED}.Release|Any CPU.ActiveCfg = Release|Any CPU
		{67B04093-70DE-46F2-983F-3005A9F66FED}.Release|Any CPU.Build.0 = Release|Any CPU
	EndGlobalSection
	GlobalSection(SolutionProperties) = preSolution
		HideSolutionNode = FALSE
	EndGlobalSection
	GlobalSection(ExtensibilityGlobals) = postSolution
		SolutionGuid = {EC8E3B0F-6724-4028-9AD2-A00358030F7F}
	EndGlobalSection
EndGlobal
